
Microsoft Visual Studio Solution File, Format Version 12.00
# Visual Studio 15
VisualStudioVersion = 15.0.28010.2048
MinimumVisualStudioVersion = 10.0.40219.1
Project("{FAE04EC0-301F-11D3-BF4B-00C04F79EFBC}") = "MobikeApp.Android", "MobikeApp\MobikeApp.Android\MobikeApp.Android.csproj", "{49E8F115-0310-4395-9913-8B6BD8996167}"
EndProject
Project("{FAE04EC0-301F-11D3-BF4B-00C04F79EFBC}") = "MobikeApp.iOS", "MobikeApp\MobikeApp.iOS\MobikeApp.iOS.csproj", "{F2A01F65-8F06-4EE5-A4DC-9E1EBF17DFAF}"
EndProject
Project("{FAE04EC0-301F-11D3-BF4B-00C04F79EFBC}") = "MobikeApp.UWP", "MobikeApp\MobikeApp.UWP\MobikeApp.UWP.csproj", "{D5E1C24C-A71D-4A7C-B95B-F8ACD08B1144}"
EndProject
Project("{FAE04EC0-301F-11D3-BF4B-00C04F79EFBC}") = "MobikeApp", "MobikeApp\MobikeApp\MobikeApp.csproj", "{FEEB468D-D0CC-432D-BDD0-8CFFFBCC7DCF}"
EndProject
Global
	GlobalSection(SolutionConfigurationPlatforms) = preSolution
		Ad-Hoc|Any CPU = Ad-Hoc|Any CPU
		Ad-Hoc|ARM = Ad-Hoc|ARM
		Ad-Hoc|iPhone = Ad-Hoc|iPhone
		Ad-Hoc|iPhoneSimulator = Ad-Hoc|iPhoneSimulator
		Ad-Hoc|x64 = Ad-Hoc|x64
		Ad-Hoc|x86 = Ad-Hoc|x86
		AppStore|Any CPU = AppStore|Any CPU
		AppStore|ARM = AppStore|ARM
		AppStore|iPhone = AppStore|iPhone
		AppStore|iPhoneSimulator = AppStore|iPhoneSimulator
		AppStore|x64 = AppStore|x64
		AppStore|x86 = AppStore|x86
		Debug|Any CPU = Debug|Any CPU
		Debug|ARM = Debug|ARM
		Debug|iPhone = Debug|iPhone
		Debug|iPhoneSimulator = Debug|iPhoneSimulator
		Debug|x64 = Debug|x64
		Debug|x86 = Debug|x86
		Release|Any CPU = Release|Any CPU
		Release|ARM = Release|ARM
		Release|iPhone = Release|iPhone
		Release|iPhoneSimulator = Release|iPhoneSimulator
		Release|x64 = Release|x64
		Release|x86 = Release|x86
	EndGlobalSection
	GlobalSection(ProjectConfigurationPlatforms) = postSolution
		{49E8F115-0310-4395-9913-8B6BD8996167}.Ad-Hoc|Any CPU.ActiveCfg = Release|Any CPU
		{49E8F115-0310-4395-9913-8B6BD8996167}.Ad-Hoc|Any CPU.Build.0 = Release|Any CPU
		{49E8F115-0310-4395-9913-8B6BD8996167}.Ad-Hoc|Any CPU.Deploy.0 = Release|Any CPU
		{49E8F115-0310-4395-9913-8B6BD8996167}.Ad-Hoc|ARM.ActiveCfg = Release|Any CPU
		{49E8F115-0310-4395-9913-8B6BD8996167}.Ad-Hoc|ARM.Build.0 = Release|Any CPU
		{49E8F115-0310-4395-9913-8B6BD8996167}.Ad-Hoc|ARM.Deploy.0 = Release|Any CPU
		{49E8F115-0310-4395-9913-8B6BD8996167}.Ad-Hoc|iPhone.ActiveCfg = Release|Any CPU
		{49E8F115-0310-4395-9913-8B6BD8996167}.Ad-Hoc|iPhone.Build.0 = Release|Any CPU
		{49E8F115-0310-4395-9913-8B6BD8996167}.Ad-Hoc|iPhone.Deploy.0 = Release|Any CPU
		{49E8F115-0310-4395-9913-8B6BD8996167}.Ad-Hoc|iPhoneSimulator.ActiveCfg = Release|Any CPU
		{49E8F115-0310-4395-9913-8B6BD8996167}.Ad-Hoc|iPhoneSimulator.Build.0 = Release|Any CPU
		{49E8F115-0310-4395-9913-8B6BD8996167}.Ad-Hoc|iPhoneSimulator.Deploy.0 = Release|Any CPU
		{49E8F115-0310-4395-9913-8B6BD8996167}.Ad-Hoc|x64.ActiveCfg = Release|Any CPU
		{49E8F115-0310-4395-9913-8B6BD8996167}.Ad-Hoc|x64.Build.0 = Release|Any CPU
		{49E8F115-0310-4395-9913-8B6BD8996167}.Ad-Hoc|x64.Deploy.0 = Release|Any CPU
		{49E8F115-0310-4395-9913-8B6BD8996167}.Ad-Hoc|x86.ActiveCfg = Release|Any CPU
		{49E8F115-0310-4395-9913-8B6BD8996167}.Ad-Hoc|x86.Build.0 = Release|Any CPU
		{49E8F115-0310-4395-9913-8B6BD8996167}.Ad-Hoc|x86.Deploy.0 = Release|Any CPU
		{49E8F115-0310-4395-9913-8B6BD8996167}.AppStore|Any CPU.ActiveCfg = Release|Any CPU
		{49E8F115-0310-4395-9913-8B6BD8996167}.AppStore|Any CPU.Build.0 = Release|Any CPU
		{49E8F115-0310-4395-9913-8B6BD8996167}.AppStore|Any CPU.Deploy.0 = Release|Any CPU
		{49E8F115-0310-4395-9913-8B6BD8996167}.AppStore|ARM.ActiveCfg = Release|Any CPU
		{49E8F115-0310-4395-9913-8B6BD8996167}.AppStore|ARM.Build.0 = Release|Any CPU
		{49E8F115-0310-4395-9913-8B6BD8996167}.AppStore|ARM.Deploy.0 = Release|Any CPU
		{49E8F115-0310-4395-9913-8B6BD8996167}.AppStore|iPhone.ActiveCfg = Release|Any CPU
		{49E8F115-0310-4395-9913-8B6BD8996167}.AppStore|iPhone.Build.0 = Release|Any CPU
		{49E8F115-0310-4395-9913-8B6BD8996167}.AppStore|iPhone.Deploy.0 = Release|Any CPU
		{49E8F115-0310-4395-9913-8B6BD8996167}.AppStore|iPhoneSimulator.ActiveCfg = Release|Any CPU
		{49E8F115-0310-4395-9913-8B6BD8996167}.AppStore|iPhoneSimulator.Build.0 = Release|Any CPU
		{49E8F115-0310-4395-9913-8B6BD8996167}.AppStore|iPhoneSimulator.Deploy.0 = Release|Any CPU
		{49E8F115-0310-4395-9913-8B6BD8996167}.AppStore|x64.ActiveCfg = Release|Any CPU
		{49E8F115-0310-4395-9913-8B6BD8996167}.AppStore|x64.Build.0 = Release|Any CPU
		{49E8F115-0310-4395-9913-8B6BD8996167}.AppStore|x64.Deploy.0 = Release|Any CPU
		{49E8F115-0310-4395-9913-8B6BD8996167}.AppStore|x86.ActiveCfg = Release|Any CPU
		{49E8F115-0310-4395-9913-8B6BD8996167}.AppStore|x86.Build.0 = Release|Any CPU
		{49E8F115-0310-4395-9913-8B6BD8996167}.AppStore|x86.Deploy.0 = Release|Any CPU
		{49E8F115-0310-4395-9913-8B6BD8996167}.Debug|Any CPU.ActiveCfg = Debug|Any CPU
		{49E8F115-0310-4395-9913-8B6BD8996167}.Debug|Any CPU.Build.0 = Debug|Any CPU
		{49E8F115-0310-4395-9913-8B6BD8996167}.Debug|Any CPU.Deploy.0 = Debug|Any CPU
		{49E8F115-0310-4395-9913-8B6BD8996167}.Debug|ARM.ActiveCfg = Debug|Any CPU
		{49E8F115-0310-4395-9913-8B6BD8996167}.Debug|ARM.Build.0 = Debug|Any CPU
		{49E8F115-0310-4395-9913-8B6BD8996167}.Debug|ARM.Deploy.0 = Debug|Any CPU
		{49E8F115-0310-4395-9913-8B6BD8996167}.Debug|iPhone.ActiveCfg = Debug|Any CPU
		{49E8F115-0310-4395-9913-8B6BD8996167}.Debug|iPhone.Build.0 = Debug|Any CPU
		{49E8F115-0310-4395-9913-8B6BD8996167}.Debug|iPhone.Deploy.0 = Debug|Any CPU
		{49E8F115-0310-4395-9913-8B6BD8996167}.Debug|iPhoneSimulator.ActiveCfg = Debug|Any CPU
		{49E8F115-0310-4395-9913-8B6BD8996167}.Debug|iPhoneSimulator.Build.0 = Debug|Any CPU
		{49E8F115-0310-4395-9913-8B6BD8996167}.Debug|iPhoneSimulator.Deploy.0 = Debug|Any CPU
		{49E8F115-0310-4395-9913-8B6BD8996167}.Debug|x64.ActiveCfg = Debug|Any CPU
		{49E8F115-0310-4395-9913-8B6BD8996167}.Debug|x64.Build.0 = Debug|Any CPU
		{49E8F115-0310-4395-9913-8B6BD8996167}.Debug|x64.Deploy.0 = Debug|Any CPU
		{49E8F115-0310-4395-9913-8B6BD8996167}.Debug|x86.ActiveCfg = Debug|Any CPU
		{49E8F115-0310-4395-9913-8B6BD8996167}.Debug|x86.Build.0 = Debug|Any CPU
		{49E8F115-0310-4395-9913-8B6BD8996167}.Debug|x86.Deploy.0 = Debug|Any CPU
		{49E8F115-0310-4395-9913-8B6BD8996167}.Release|Any CPU.ActiveCfg = Release|Any CPU
		{49E8F115-0310-4395-9913-8B6BD8996167}.Release|Any CPU.Build.0 = Release|Any CPU
		{49E8F115-0310-4395-9913-8B6BD8996167}.Release|Any CPU.Deploy.0 = Release|Any CPU
		{49E8F115-0310-4395-9913-8B6BD8996167}.Release|ARM.ActiveCfg = Release|Any CPU
		{49E8F115-0310-4395-9913-8B6BD8996167}.Release|ARM.Build.0 = Release|Any CPU
		{49E8F115-0310-4395-9913-8B6BD8996167}.Release|ARM.Deploy.0 = Release|Any CPU
		{49E8F115-0310-4395-9913-8B6BD8996167}.Release|iPhone.ActiveCfg = Release|Any CPU
		{49E8F115-0310-4395-9913-8B6BD8996167}.Release|iPhone.Build.0 = Release|Any CPU
		{49E8F115-0310-4395-9913-8B6BD8996167}.Release|iPhone.Deploy.0 = Release|Any CPU
		{49E8F115-0310-4395-9913-8B6BD8996167}.Release|iPhoneSimulator.ActiveCfg = Release|Any CPU
		{49E8F115-0310-4395-9913-8B6BD8996167}.Release|iPhoneSimulator.Build.0 = Release|Any CPU
		{49E8F115-0310-4395-9913-8B6BD8996167}.Release|iPhoneSimulator.Deploy.0 = Release|Any CPU
		{49E8F115-0310-4395-9913-8B6BD8996167}.Release|x64.ActiveCfg = Release|Any CPU
		{49E8F115-0310-4395-9913-8B6BD8996167}.Release|x64.Build.0 = Release|Any CPU
		{49E8F115-0310-4395-9913-8B6BD8996167}.Release|x64.Deploy.0 = Release|Any CPU
		{49E8F115-0310-4395-9913-8B6BD8996167}.Release|x86.ActiveCfg = Release|Any CPU
		{49E8F115-0310-4395-9913-8B6BD8996167}.Release|x86.Build.0 = Release|Any CPU
		{49E8F115-0310-4395-9913-8B6BD8996167}.Release|x86.Deploy.0 = Release|Any CPU
		{F2A01F65-8F06-4EE5-A4DC-9E1EBF17DFAF}.Ad-Hoc|Any CPU.ActiveCfg = Ad-Hoc|iPhone
		{F2A01F65-8F06-4EE5-A4DC-9E1EBF17DFAF}.Ad-Hoc|Any CPU.Build.0 = Ad-Hoc|iPhone
		{F2A01F65-8F06-4EE5-A4DC-9E1EBF17DFAF}.Ad-Hoc|Any CPU.Deploy.0 = Ad-Hoc|iPhone
		{F2A01F65-8F06-4EE5-A4DC-9E1EBF17DFAF}.Ad-Hoc|ARM.ActiveCfg = Ad-Hoc|iPhone
		{F2A01F65-8F06-4EE5-A4DC-9E1EBF17DFAF}.Ad-Hoc|ARM.Build.0 = Ad-Hoc|iPhone
		{F2A01F65-8F06-4EE5-A4DC-9E1EBF17DFAF}.Ad-Hoc|ARM.Deploy.0 = Ad-Hoc|iPhone
		{F2A01F65-8F06-4EE5-A4DC-9E1EBF17DFAF}.Ad-Hoc|iPhone.ActiveCfg = Ad-Hoc|iPhone
		{F2A01F65-8F06-4EE5-A4DC-9E1EBF17DFAF}.Ad-Hoc|iPhone.Build.0 = Ad-Hoc|iPhone
		{F2A01F65-8F06-4EE5-A4DC-9E1EBF17DFAF}.Ad-Hoc|iPhone.Deploy.0 = Ad-Hoc|iPhone
		{F2A01F65-8F06-4EE5-A4DC-9E1EBF17DFAF}.Ad-Hoc|iPhoneSimulator.ActiveCfg = Ad-Hoc|iPhoneSimulator
		{F2A01F65-8F06-4EE5-A4DC-9E1EBF17DFAF}.Ad-Hoc|iPhoneSimulator.Build.0 = Ad-Hoc|iPhoneSimulator
		{F2A01F65-8F06-4EE5-A4DC-9E1EBF17DFAF}.Ad-Hoc|iPhoneSimulator.Deploy.0 = Ad-Hoc|iPhoneSimulator
		{F2A01F65-8F06-4EE5-A4DC-9E1EBF17DFAF}.Ad-Hoc|x64.ActiveCfg = Ad-Hoc|iPhone
		{F2A01F65-8F06-4EE5-A4DC-9E1EBF17DFAF}.Ad-Hoc|x64.Build.0 = Ad-Hoc|iPhone
		{F2A01F65-8F06-4EE5-A4DC-9E1EBF17DFAF}.Ad-Hoc|x64.Deploy.0 = Ad-Hoc|iPhone
		{F2A01F65-8F06-4EE5-A4DC-9E1EBF17DFAF}.Ad-Hoc|x86.ActiveCfg = Ad-Hoc|iPhone
		{F2A01F65-8F06-4EE5-A4DC-9E1EBF17DFAF}.Ad-Hoc|x86.Build.0 = Ad-Hoc|iPhone
		{F2A01F65-8F06-4EE5-A4DC-9E1EBF17DFAF}.Ad-Hoc|x86.Deploy.0 = Ad-Hoc|iPhone
		{F2A01F65-8F06-4EE5-A4DC-9E1EBF17DFAF}.AppStore|Any CPU.ActiveCfg = AppStore|iPhone
		{F2A01F65-8F06-4EE5-A4DC-9E1EBF17DFAF}.AppStore|Any CPU.Build.0 = AppStore|iPhone
		{F2A01F65-8F06-4EE5-A4DC-9E1EBF17DFAF}.AppStore|Any CPU.Deploy.0 = AppStore|iPhone
		{F2A01F65-8F06-4EE5-A4DC-9E1EBF17DFAF}.AppStore|ARM.ActiveCfg = AppStore|iPhone
		{F2A01F65-8F06-4EE5-A4DC-9E1EBF17DFAF}.AppStore|ARM.Build.0 = AppStore|iPhone
		{F2A01F65-8F06-4EE5-A4DC-9E1EBF17DFAF}.AppStore|ARM.Deploy.0 = AppStore|iPhone
		{F2A01F65-8F06-4EE5-A4DC-9E1EBF17DFAF}.AppStore|iPhone.ActiveCfg = AppStore|iPhone
		{F2A01F65-8F06-4EE5-A4DC-9E1EBF17DFAF}.AppStore|iPhone.Build.0 = AppStore|iPhone
		{F2A01F65-8F06-4EE5-A4DC-9E1EBF17DFAF}.AppStore|iPhone.Deploy.0 = AppStore|iPhone
		{F2A01F65-8F06-4EE5-A4DC-9E1EBF17DFAF}.AppStore|iPhoneSimulator.ActiveCfg = AppStore|iPhoneSimulator
		{F2A01F65-8F06-4EE5-A4DC-9E1EBF17DFAF}.AppStore|iPhoneSimulator.Build.0 = AppStore|iPhoneSimulator
		{F2A01F65-8F06-4EE5-A4DC-9E1EBF17DFAF}.AppStore|iPhoneSimulator.Deploy.0 = AppStore|iPhoneSimulator
		{F2A01F65-8F06-4EE5-A4DC-9E1EBF17DFAF}.AppStore|x64.ActiveCfg = AppStore|iPhone
		{F2A01F65-8F06-4EE5-A4DC-9E1EBF17DFAF}.AppStore|x64.Build.0 = AppStore|iPhone
		{F2A01F65-8F06-4EE5-A4DC-9E1EBF17DFAF}.AppStore|x64.Deploy.0 = AppStore|iPhone
		{F2A01F65-8F06-4EE5-A4DC-9E1EBF17DFAF}.AppStore|x86.ActiveCfg = AppStore|iPhone
		{F2A01F65-8F06-4EE5-A4DC-9E1EBF17DFAF}.AppStore|x86.Build.0 = AppStore|iPhone
		{F2A01F65-8F06-4EE5-A4DC-9E1EBF17DFAF}.AppStore|x86.Deploy.0 = AppStore|iPhone
		{F2A01F65-8F06-4EE5-A4DC-9E1EBF17DFAF}.Debug|Any CPU.ActiveCfg = Debug|iPhoneSimulator
		{F2A01F65-8F06-4EE5-A4DC-9E1EBF17DFAF}.Debug|Any CPU.Build.0 = Debug|iPhoneSimulator
		{F2A01F65-8F06-4EE5-A4DC-9E1EBF17DFAF}.Debug|Any CPU.Deploy.0 = Debug|iPhoneSimulator
		{F2A01F65-8F06-4EE5-A4DC-9E1EBF17DFAF}.Debug|ARM.ActiveCfg = Debug|iPhone
		{F2A01F65-8F06-4EE5-A4DC-9E1EBF17DFAF}.Debug|ARM.Build.0 = Debug|iPhone
		{F2A01F65-8F06-4EE5-A4DC-9E1EBF17DFAF}.Debug|ARM.Deploy.0 = Debug|iPhone
		{F2A01F65-8F06-4EE5-A4DC-9E1EBF17DFAF}.Debug|iPhone.ActiveCfg = Debug|iPhone
		{F2A01F65-8F06-4EE5-A4DC-9E1EBF17DFAF}.Debug|iPhone.Build.0 = Debug|iPhone
		{F2A01F65-8F06-4EE5-A4DC-9E1EBF17DFAF}.Debug|iPhone.Deploy.0 = Debug|iPhone
		{F2A01F65-8F06-4EE5-A4DC-9E1EBF17DFAF}.Debug|iPhoneSimulator.ActiveCfg = Debug|iPhoneSimulator
		{F2A01F65-8F06-4EE5-A4DC-9E1EBF17DFAF}.Debug|iPhoneSimulator.Build.0 = Debug|iPhoneSimulator
		{F2A01F65-8F06-4EE5-A4DC-9E1EBF17DFAF}.Debug|iPhoneSimulator.Deploy.0 = Debug|iPhoneSimulator
		{F2A01F65-8F06-4EE5-A4DC-9E1EBF17DFAF}.Debug|x64.ActiveCfg = Debug|iPhone
		{F2A01F65-8F06-4EE5-A4DC-9E1EBF17DFAF}.Debug|x64.Build.0 = Debug|iPhone
		{F2A01F65-8F06-4EE5-A4DC-9E1EBF17DFAF}.Debug|x64.Deploy.0 = Debug|iPhone
		{F2A01F65-8F06-4EE5-A4DC-9E1EBF17DFAF}.Debug|x86.ActiveCfg = Debug|iPhone
		{F2A01F65-8F06-4EE5-A4DC-9E1EBF17DFAF}.Debug|x86.Build.0 = Debug|iPhone
		{F2A01F65-8F06-4EE5-A4DC-9E1EBF17DFAF}.Debug|x86.Deploy.0 = Debug|iPhone
		{F2A01F65-8F06-4EE5-A4DC-9E1EBF17DFAF}.Release|Any CPU.ActiveCfg = Release|iPhone
		{F2A01F65-8F06-4EE5-A4DC-9E1EBF17DFAF}.Release|Any CPU.Build.0 = Release|iPhone
		{F2A01F65-8F06-4EE5-A4DC-9E1EBF17DFAF}.Release|Any CPU.Deploy.0 = Release|iPhone
		{F2A01F65-8F06-4EE5-A4DC-9E1EBF17DFAF}.Release|ARM.ActiveCfg = Release|iPhone
		{F2A01F65-8F06-4EE5-A4DC-9E1EBF17DFAF}.Release|ARM.Build.0 = Release|iPhone
		{F2A01F65-8F06-4EE5-A4DC-9E1EBF17DFAF}.Release|ARM.Deploy.0 = Release|iPhone
		{F2A01F65-8F06-4EE5-A4DC-9E1EBF17DFAF}.Release|iPhone.ActiveCfg = Release|iPhone
		{F2A01F65-8F06-4EE5-A4DC-9E1EBF17DFAF}.Release|iPhone.Build.0 = Release|iPhone
		{F2A01F65-8F06-4EE5-A4DC-9E1EBF17DFAF}.Release|iPhone.Deploy.0 = Release|iPhone
		{F2A01F65-8F06-4EE5-A4DC-9E1EBF17DFAF}.Release|iPhoneSimulator.ActiveCfg = Release|iPhoneSimulator
		{F2A01F65-8F06-4EE5-A4DC-9E1EBF17DFAF}.Release|iPhoneSimulator.Build.0 = Release|iPhoneSimulator
		{F2A01F65-8F06-4EE5-A4DC-9E1EBF17DFAF}.Release|iPhoneSimulator.Deploy.0 = Release|iPhoneSimulator
		{F2A01F65-8F06-4EE5-A4DC-9E1EBF17DFAF}.Release|x64.ActiveCfg = Release|iPhone
		{F2A01F65-8F06-4EE5-A4DC-9E1EBF17DFAF}.Release|x64.Build.0 = Release|iPhone
		{F2A01F65-8F06-4EE5-A4DC-9E1EBF17DFAF}.Release|x64.Deploy.0 = Release|iPhone
		{F2A01F65-8F06-4EE5-A4DC-9E1EBF17DFAF}.Release|x86.ActiveCfg = Release|iPhone
		{F2A01F65-8F06-4EE5-A4DC-9E1EBF17DFAF}.Release|x86.Build.0 = Release|iPhone
		{F2A01F65-8F06-4EE5-A4DC-9E1EBF17DFAF}.Release|x86.Deploy.0 = Release|iPhone
		{D5E1C24C-A71D-4A7C-B95B-F8ACD08B1144}.Ad-Hoc|Any CPU.ActiveCfg = Release|x86
		{D5E1C24C-A71D-4A7C-B95B-F8ACD08B1144}.Ad-Hoc|Any CPU.Build.0 = Release|x86
		{D5E1C24C-A71D-4A7C-B95B-F8ACD08B1144}.Ad-Hoc|Any CPU.Deploy.0 = Release|x86
		{D5E1C24C-A71D-4A7C-B95B-F8ACD08B1144}.Ad-Hoc|ARM.ActiveCfg = Release|ARM
		{D5E1C24C-A71D-4A7C-B95B-F8ACD08B1144}.Ad-Hoc|ARM.Build.0 = Release|ARM
		{D5E1C24C-A71D-4A7C-B95B-F8ACD08B1144}.Ad-Hoc|ARM.Deploy.0 = Release|ARM
		{D5E1C24C-A71D-4A7C-B95B-F8ACD08B1144}.Ad-Hoc|iPhone.ActiveCfg = Release|x86
		{D5E1C24C-A71D-4A7C-B95B-F8ACD08B1144}.Ad-Hoc|iPhone.Build.0 = Release|x86
		{D5E1C24C-A71D-4A7C-B95B-F8ACD08B1144}.Ad-Hoc|iPhone.Deploy.0 = Release|x86
		{D5E1C24C-A71D-4A7C-B95B-F8ACD08B1144}.Ad-Hoc|iPhoneSimulator.ActiveCfg = Release|x86
		{D5E1C24C-A71D-4A7C-B95B-F8ACD08B1144}.Ad-Hoc|iPhoneSimulator.Build.0 = Release|x86
		{D5E1C24C-A71D-4A7C-B95B-F8ACD08B1144}.Ad-Hoc|iPhoneSimulator.Deploy.0 = Release|x86
		{D5E1C24C-A71D-4A7C-B95B-F8ACD08B1144}.Ad-Hoc|x64.ActiveCfg = Release|x64
		{D5E1C24C-A71D-4A7C-B95B-F8ACD08B1144}.Ad-Hoc|x64.Build.0 = Release|x64
		{D5E1C24C-A71D-4A7C-B95B-F8ACD08B1144}.Ad-Hoc|x64.Deploy.0 = Release|x64
		{D5E1C24C-A71D-4A7C-B95B-F8ACD08B1144}.Ad-Hoc|x86.ActiveCfg = Release|x86
		{D5E1C24C-A71D-4A7C-B95B-F8ACD08B1144}.Ad-Hoc|x86.Build.0 = Release|x86
		{D5E1C24C-A71D-4A7C-B95B-F8ACD08B1144}.Ad-Hoc|x86.Deploy.0 = Release|x86
		{D5E1C24C-A71D-4A7C-B95B-F8ACD08B1144}.AppStore|Any CPU.ActiveCfg = Release|x86
		{D5E1C24C-A71D-4A7C-B95B-F8ACD08B1144}.AppStore|Any CPU.Build.0 = Release|x86
		{D5E1C24C-A71D-4A7C-B95B-F8ACD08B1144}.AppStore|Any CPU.Deploy.0 = Release|x86
		{D5E1C24C-A71D-4A7C-B95B-F8ACD08B1144}.AppStore|ARM.ActiveCfg = Release|ARM
		{D5E1C24C-A71D-4A7C-B95B-F8ACD08B1144}.AppStore|ARM.Build.0 = Release|ARM
		{D5E1C24C-A71D-4A7C-B95B-F8ACD08B1144}.AppStore|ARM.Deploy.0 = Release|ARM
		{D5E1C24C-A71D-4A7C-B95B-F8ACD08B1144}.AppStore|iPhone.ActiveCfg = Release|x86
		{D5E1C24C-A71D-4A7C-B95B-F8ACD08B1144}.AppStore|iPhone.Build.0 = Release|x86
		{D5E1C24C-A71D-4A7C-B95B-F8ACD08B1144}.AppStore|iPhone.Deploy.0 = Release|x86
		{D5E1C24C-A71D-4A7C-B95B-F8ACD08B1144}.AppStore|iPhoneSimulator.ActiveCfg = Release|x86
		{D5E1C24C-A71D-4A7C-B95B-F8ACD08B1144}.AppStore|iPhoneSimulator.Build.0 = Release|x86
		{D5E1C24C-A71D-4A7C-B95B-F8ACD08B1144}.AppStore|iPhoneSimulator.Deploy.0 = Release|x86
		{D5E1C24C-A71D-4A7C-B95B-F8ACD08B1144}.AppStore|x64.ActiveCfg = Release|x64
		{D5E1C24C-A71D-4A7C-B95B-F8ACD08B1144}.AppStore|x64.Build.0 = Release|x64
		{D5E1C24C-A71D-4A7C-B95B-F8ACD08B1144}.AppStore|x64.Deploy.0 = Release|x64
		{D5E1C24C-A71D-4A7C-B95B-F8ACD08B1144}.AppStore|x86.ActiveCfg = Release|x86
		{D5E1C24C-A71D-4A7C-B95B-F8ACD08B1144}.AppStore|x86.Build.0 = Release|x86
		{D5E1C24C-A71D-4A7C-B95B-F8ACD08B1144}.AppStore|x86.Deploy.0 = Release|x86
		{D5E1C24C-A71D-4A7C-B95B-F8ACD08B1144}.Debug|Any CPU.ActiveCfg = Debug|x86
		{D5E1C24C-A71D-4A7C-B95B-F8ACD08B1144}.Debug|Any CPU.Build.0 = Debug|x86
		{D5E1C24C-A71D-4A7C-B95B-F8ACD08B1144}.Debug|Any CPU.Deploy.0 = Debug|x86
		{D5E1C24C-A71D-4A7C-B95B-F8ACD08B1144}.Debug|ARM.ActiveCfg = Debug|ARM
		{D5E1C24C-A71D-4A7C-B95B-F8ACD08B1144}.Debug|ARM.Build.0 = Debug|ARM
		{D5E1C24C-A71D-4A7C-B95B-F8ACD08B1144}.Debug|ARM.Deploy.0 = Debug|ARM
		{D5E1C24C-A71D-4A7C-B95B-F8ACD08B1144}.Debug|iPhone.ActiveCfg = Debug|x86
		{D5E1C24C-A71D-4A7C-B95B-F8ACD08B1144}.Debug|iPhone.Build.0 = Debug|x86
		{D5E1C24C-A71D-4A7C-B95B-F8ACD08B1144}.Debug|iPhone.Deploy.0 = Debug|x86
		{D5E1C24C-A71D-4A7C-B95B-F8ACD08B1144}.Debug|iPhoneSimulator.ActiveCfg = Debug|x86
		{D5E1C24C-A71D-4A7C-B95B-F8ACD08B1144}.Debug|iPhoneSimulator.Build.0 = Debug|x86
		{D5E1C24C-A71D-4A7C-B95B-F8ACD08B1144}.Debug|iPhoneSimulator.Deploy.0 = Debug|x86
		{D5E1C24C-A71D-4A7C-B95B-F8ACD08B1144}.Debug|x64.ActiveCfg = Debug|x64
		{D5E1C24C-A71D-4A7C-B95B-F8ACD08B1144}.Debug|x64.Build.0 = Debug|x64
		{D5E1C24C-A71D-4A7C-B95B-F8ACD08B1144}.Debug|x64.Deploy.0 = Debug|x64
		{D5E1C24C-A71D-4A7C-B95B-F8ACD08B1144}.Debug|x86.ActiveCfg = Debug|x86
		{D5E1C24C-A71D-4A7C-B95B-F8ACD08B1144}.Debug|x86.Build.0 = Debug|x86
		{D5E1C24C-A71D-4A7C-B95B-F8ACD08B1144}.Debug|x86.Deploy.0 = Debug|x86
		{D5E1C24C-A71D-4A7C-B95B-F8ACD08B1144}.Release|Any CPU.ActiveCfg = Release|x86
		{D5E1C24C-A71D-4A7C-B95B-F8ACD08B1144}.Release|Any CPU.Build.0 = Release|x86
		{D5E1C24C-A71D-4A7C-B95B-F8ACD08B1144}.Release|Any CPU.Deploy.0 = Release|x86
		{D5E1C24C-A71D-4A7C-B95B-F8ACD08B1144}.Release|ARM.ActiveCfg = Release|ARM
		{D5E1C24C-A71D-4A7C-B95B-F8ACD08B1144}.Release|ARM.Build.0 = Release|ARM
		{D5E1C24C-A71D-4A7C-B95B-F8ACD08B1144}.Release|ARM.Deploy.0 = Release|ARM
		{D5E1C24C-A71D-4A7C-B95B-F8ACD08B1144}.Release|iPhone.ActiveCfg = Release|x86
		{D5E1C24C-A71D-4A7C-B95B-F8ACD08B1144}.Release|iPhone.Build.0 = Release|x86
		{D5E1C24C-A71D-4A7C-B95B-F8ACD08B1144}.Release|iPhone.Deploy.0 = Release|x86
		{D5E1C24C-A71D-4A7C-B95B-F8ACD08B1144}.Release|iPhoneSimulator.ActiveCfg = Release|x86
		{D5E1C24C-A71D-4A7C-B95B-F8ACD08B1144}.Release|iPhoneSimulator.Build.0 = Release|x86
		{D5E1C24C-A71D-4A7C-B95B-F8ACD08B1144}.Release|iPhoneSimulator.Deploy.0 = Release|x86
		{D5E1C24C-A71D-4A7C-B95B-F8ACD08B1144}.Release|x64.ActiveCfg = Release|x64
		{D5E1C24C-A71D-4A7C-B95B-F8ACD08B1144}.Release|x64.Build.0 = Release|x64
		{D5E1C24C-A71D-4A7C-B95B-F8ACD08B1144}.Release|x64.Deploy.0 = Release|x64
		{D5E1C24C-A71D-4A7C-B95B-F8ACD08B1144}.Release|x86.ActiveCfg = Release|x86
		{D5E1C24C-A71D-4A7C-B95B-F8ACD08B1144}.Release|x86.Build.0 = Release|x86
		{D5E1C24C-A71D-4A7C-B95B-F8ACD08B1144}.Release|x86.Deploy.0 = Release|x86
		{FEEB468D-D0CC-432D-BDD0-8CFFFBCC7DCF}.Ad-Hoc|Any CPU.ActiveCfg = Debug|Any CPU
		{FEEB468D-D0CC-432D-BDD0-8CFFFBCC7DCF}.Ad-Hoc|Any CPU.Build.0 = Debug|Any CPU
		{FEEB468D-D0CC-432D-BDD0-8CFFFBCC7DCF}.Ad-Hoc|Any CPU.Deploy.0 = Debug|Any CPU
		{FEEB468D-D0CC-432D-BDD0-8CFFFBCC7DCF}.Ad-Hoc|ARM.ActiveCfg = Debug|Any CPU
		{FEEB468D-D0CC-432D-BDD0-8CFFFBCC7DCF}.Ad-Hoc|ARM.Build.0 = Debug|Any CPU
		{FEEB468D-D0CC-432D-BDD0-8CFFFBCC7DCF}.Ad-Hoc|ARM.Deploy.0 = Debug|Any CPU
		{FEEB468D-D0CC-432D-BDD0-8CFFFBCC7DCF}.Ad-Hoc|iPhone.ActiveCfg = Debug|Any CPU
		{FEEB468D-D0CC-432D-BDD0-8CFFFBCC7DCF}.Ad-Hoc|iPhone.Build.0 = Debug|Any CPU
		{FEEB468D-D0CC-432D-BDD0-8CFFFBCC7DCF}.Ad-Hoc|iPhone.Deploy.0 = Debug|Any CPU
		{FEEB468D-D0CC-432D-BDD0-8CFFFBCC7DCF}.Ad-Hoc|iPhoneSimulator.ActiveCfg = Debug|Any CPU
		{FEEB468D-D0CC-432D-BDD0-8CFFFBCC7DCF}.Ad-Hoc|iPhoneSimulator.Build.0 = Debug|Any CPU
		{FEEB468D-D0CC-432D-BDD0-8CFFFBCC7DCF}.Ad-Hoc|iPhoneSimulator.Deploy.0 = Debug|Any CPU
		{FEEB468D-D0CC-432D-BDD0-8CFFFBCC7DCF}.Ad-Hoc|x64.ActiveCfg = Debug|Any CPU
		{FEEB468D-D0CC-432D-BDD0-8CFFFBCC7DCF}.Ad-Hoc|x64.Build.0 = Debug|Any CPU
		{FEEB468D-D0CC-432D-BDD0-8CFFFBCC7DCF}.Ad-Hoc|x64.Deploy.0 = Debug|Any CPU
		{FEEB468D-D0CC-432D-BDD0-8CFFFBCC7DCF}.Ad-Hoc|x86.ActiveCfg = Debug|Any CPU
		{FEEB468D-D0CC-432D-BDD0-8CFFFBCC7DCF}.Ad-Hoc|x86.Build.0 = Debug|Any CPU
		{FEEB468D-D0CC-432D-BDD0-8CFFFBCC7DCF}.Ad-Hoc|x86.Deploy.0 = Debug|Any CPU
		{FEEB468D-D0CC-432D-BDD0-8CFFFBCC7DCF}.AppStore|Any CPU.ActiveCfg = Debug|Any CPU
		{FEEB468D-D0CC-432D-BDD0-8CFFFBCC7DCF}.AppStore|Any CPU.Build.0 = Debug|Any CPU
		{FEEB468D-D0CC-432D-BDD0-8CFFFBCC7DCF}.AppStore|Any CPU.Deploy.0 = Debug|Any CPU
		{FEEB468D-D0CC-432D-BDD0-8CFFFBCC7DCF}.AppStore|ARM.ActiveCfg = Debug|Any CPU
		{FEEB468D-D0CC-432D-BDD0-8CFFFBCC7DCF}.AppStore|ARM.Build.0 = Debug|Any CPU
		{FEEB468D-D0CC-432D-BDD0-8CFFFBCC7DCF}.AppStore|ARM.Deploy.0 = Debug|Any CPU
		{FEEB468D-D0CC-432D-BDD0-8CFFFBCC7DCF}.AppStore|iPhone.ActiveCfg = Debug|Any CPU
		{FEEB468D-D0CC-432D-BDD0-8CFFFBCC7DCF}.AppStore|iPhone.Build.0 = Debug|Any CPU
		{FEEB468D-D0CC-432D-BDD0-8CFFFBCC7DCF}.AppStore|iPhone.Deploy.0 = Debug|Any CPU
		{FEEB468D-D0CC-432D-BDD0-8CFFFBCC7DCF}.AppStore|iPhoneSimulator.ActiveCfg = Debug|Any CPU
		{FEEB468D-D0CC-432D-BDD0-8CFFFBCC7DCF}.AppStore|iPhoneSimulator.Build.0 = Debug|Any CPU
		{FEEB468D-D0CC-432D-BDD0-8CFFFBCC7DCF}.AppStore|iPhoneSimulator.Deploy.0 = Debug|Any CPU
		{FEEB468D-D0CC-432D-BDD0-8CFFFBCC7DCF}.AppStore|x64.ActiveCfg = Debug|Any CPU
		{FEEB468D-D0CC-432D-BDD0-8CFFFBCC7DCF}.AppStore|x64.Build.0 = Debug|Any CPU
		{FEEB468D-D0CC-432D-BDD0-8CFFFBCC7DCF}.AppStore|x64.Deploy.0 = Debug|Any CPU
		{FEEB468D-D0CC-432D-BDD0-8CFFFBCC7DCF}.AppStore|x86.ActiveCfg = Debug|Any CPU
		{FEEB468D-D0CC-432D-BDD0-8CFFFBCC7DCF}.AppStore|x86.Build.0 = Debug|Any CPU
		{FEEB468D-D0CC-432D-BDD0-8CFFFBCC7DCF}.AppStore|x86.Deploy.0 = Debug|Any CPU
		{FEEB468D-D0CC-432D-BDD0-8CFFFBCC7DCF}.Debug|Any CPU.ActiveCfg = Debug|Any CPU
		{FEEB468D-D0CC-432D-BDD0-8CFFFBCC7DCF}.Debug|Any CPU.Build.0 = Debug|Any CPU
		{FEEB468D-D0CC-432D-BDD0-8CFFFBCC7DCF}.Debug|Any CPU.Deploy.0 = Debug|Any CPU
		{FEEB468D-D0CC-432D-BDD0-8CFFFBCC7DCF}.Debug|ARM.ActiveCfg = Debug|Any CPU
		{FEEB468D-D0CC-432D-BDD0-8CFFFBCC7DCF}.Debug|ARM.Build.0 = Debug|Any CPU
		{FEEB468D-D0CC-432D-BDD0-8CFFFBCC7DCF}.Debug|ARM.Deploy.0 = Debug|Any CPU
		{FEEB468D-D0CC-432D-BDD0-8CFFFBCC7DCF}.Debug|iPhone.ActiveCfg = Debug|Any CPU
		{FEEB468D-D0CC-432D-BDD0-8CFFFBCC7DCF}.Debug|iPhone.Build.0 = Debug|Any CPU
		{FEEB468D-D0CC-432D-BDD0-8CFFFBCC7DCF}.Debug|iPhone.Deploy.0 = Debug|Any CPU
		{FEEB468D-D0CC-432D-BDD0-8CFFFBCC7DCF}.Debug|iPhoneSimulator.ActiveCfg = Debug|Any CPU
		{FEEB468D-D0CC-432D-BDD0-8CFFFBCC7DCF}.Debug|iPhoneSimulator.Build.0 = Debug|Any CPU
		{FEEB468D-D0CC-432D-BDD0-8CFFFBCC7DCF}.Debug|iPhoneSimulator.Deploy.0 = Debug|Any CPU
		{FEEB468D-D0CC-432D-BDD0-8CFFFBCC7DCF}.Debug|x64.ActiveCfg = Debug|Any CPU
		{FEEB468D-D0CC-432D-BDD0-8CFFFBCC7DCF}.Debug|x64.Build.0 = Debug|Any CPU
		{FEEB468D-D0CC-432D-BDD0-8CFFFBCC7DCF}.Debug|x64.Deploy.0 = Debug|Any CPU
		{FEEB468D-D0CC-432D-BDD0-8CFFFBCC7DCF}.Debug|x86.ActiveCfg = Debug|Any CPU
		{FEEB468D-D0CC-432D-BDD0-8CFFFBCC7DCF}.Debug|x86.Build.0 = Debug|Any CPU
		{FEEB468D-D0CC-432D-BDD0-8CFFFBCC7DCF}.Debug|x86.Deploy.0 = Debug|Any CPU
		{FEEB468D-D0CC-432D-BDD0-8CFFFBCC7DCF}.Release|Any CPU.ActiveCfg = Release|Any CPU
		{FEEB468D-D0CC-432D-BDD0-8CFFFBCC7DCF}.Release|Any CPU.Build.0 = Release|Any CPU
		{FEEB468D-D0CC-432D-BDD0-8CFFFBCC7DCF}.Release|Any CPU.Deploy.0 = Release|Any CPU
		{FEEB468D-D0CC-432D-BDD0-8CFFFBCC7DCF}.Release|ARM.ActiveCfg = Release|Any CPU
		{FEEB468D-D0CC-432D-BDD0-8CFFFBCC7DCF}.Release|ARM.Build.0 = Release|Any CPU
		{FEEB468D-D0CC-432D-BDD0-8CFFFBCC7DCF}.Release|ARM.Deploy.0 = Release|Any CPU
		{FEEB468D-D0CC-432D-BDD0-8CFFFBCC7DCF}.Release|iPhone.ActiveCfg = Release|Any CPU
		{FEEB468D-D0CC-432D-BDD0-8CFFFBCC7DCF}.Release|iPhone.Build.0 = Release|Any CPU
		{FEEB468D-D0CC-432D-BDD0-8CFFFBCC7DCF}.Release|iPhone.Deploy.0 = Release|Any CPU
		{FEEB468D-D0CC-432D-BDD0-8CFFFBCC7DCF}.Release|iPhoneSimulator.ActiveCfg = Release|Any CPU
		{FEEB468D-D0CC-432D-BDD0-8CFFFBCC7DCF}.Release|iPhoneSimulator.Build.0 = Release|Any CPU
		{FEEB468D-D0CC-432D-BDD0-8CFFFBCC7DCF}.Release|iPhoneSimulator.Deploy.0 = Release|Any CPU
		{FEEB468D-D0CC-432D-BDD0-8CFFFBCC7DCF}.Release|x64.ActiveCfg = Release|Any CPU
		{FEEB468D-D0CC-432D-BDD0-8CFFFBCC7DCF}.Release|x64.Build.0 = Release|Any CPU
		{FEEB468D-D0CC-432D-BDD0-8CFFFBCC7DCF}.Release|x64.Deploy.0 = Release|Any CPU
		{FEEB468D-D0CC-432D-BDD0-8CFFFBCC7DCF}.Release|x86.ActiveCfg = Release|Any CPU
		{FEEB468D-D0CC-432D-BDD0-8CFFFBCC7DCF}.Release|x86.Build.0 = Release|Any CPU
		{FEEB468D-D0CC-432D-BDD0-8CFFFBCC7DCF}.Release|x86.Deploy.0 = Release|Any CPU
	EndGlobalSection
	GlobalSection(SolutionProperties) = preSolution
		HideSolutionNode = FALSE
	EndGlobalSection
	GlobalSection(ExtensibilityGlobals) = postSolution
		SolutionGuid = {9C152B67-AFAD-45CB-AFB7-AD0FA22276CD}
	EndGlobalSection
EndGlobal
